<Solution>
  <Folder Name="/hosts/">
    <Project Path="hosts/FlociLab.All.Web/FlociLab.All.Web.csproj" />
    <Project Path="hosts/FlociLab.Aws.Web/FlociLab.Aws.Web.csproj" />
    <Project Path="hosts/FlociLab.Azure.Web/FlociLab.Azure.Web.csproj" />
    <Project Path="hosts/FlociLab.Gcp.Web/FlociLab.Gcp.Web.csproj" />
    <Project Path="hosts/FlociLab.Oci.Web/FlociLab.Oci.Web.csproj" />
  </Folder>
  <Folder Name="/samples/aws/">
    <Project Path="samples/aws/cloudwatchlogs/FlociLab.Aws.CloudWatchLogs.Demo/FlociLab.Aws.CloudWatchLogs.Demo.csproj" />
    <Project Path="samples/aws/dynamodb/FlociLab.Aws.DynamoDb.Demo/FlociLab.Aws.DynamoDb.Demo.csproj" />
    <Project Path="samples/aws/eventbridge/FlociLab.Aws.EventBridge.Demo/FlociLab.Aws.EventBridge.Demo.csproj" />
    <Project Path="samples/aws/eventbridgepipes/FlociLab.Aws.EventBridgePipes.Demo/FlociLab.Aws.EventBridgePipes.Demo.csproj" />
    <Project Path="samples/aws/eventbridgescheduler/FlociLab.Aws.EventBridgeScheduler.Demo/FlociLab.Aws.EventBridgeScheduler.Demo.csproj" />
    <Project Path="samples/aws/iam/FlociLab.Aws.Iam.Demo/FlociLab.Aws.Iam.Demo.csproj" />
    <Project Path="samples/aws/kms/FlociLab.Aws.Kms.Demo/FlociLab.Aws.Kms.Demo.csproj" />
    <Project Path="samples/aws/s3/FlociLab.Aws.S3.Demo/FlociLab.Aws.S3.Demo.csproj" />
    <Project Path="samples/aws/secretsmanager/FlociLab.Aws.SecretsManager.Demo/FlociLab.Aws.SecretsManager.Demo.csproj" />
    <Project Path="samples/aws/sns/FlociLab.Aws.Sns.Demo/FlociLab.Aws.Sns.Demo.csproj" />
    <Project Path="samples/aws/sqs/FlociLab.Aws.Sqs.Demo/FlociLab.Aws.Sqs.Demo.csproj" />
    <Project Path="samples/aws/ssm/FlociLab.Aws.Ssm.Demo/FlociLab.Aws.Ssm.Demo.csproj" />
    <Project Path="samples/aws/cognito/FlociLab.Aws.Cognito.Demo/FlociLab.Aws.Cognito.Demo.csproj" />
    <Project Path="samples/aws/sts/FlociLab.Aws.Sts.Demo/FlociLab.Aws.Sts.Demo.csproj" />
    <Project Path="samples/aws/identitycenter/FlociLab.Aws.IdentityCenter.Demo/FlociLab.Aws.IdentityCenter.Demo.csproj" />
    <Project Path="samples/aws/accessanalyzer/FlociLab.Aws.AccessAnalyzer.Demo/FlociLab.Aws.AccessAnalyzer.Demo.csproj" />
    <Project Path="samples/aws/account/FlociLab.Aws.Account.Demo/FlociLab.Aws.Account.Demo.csproj" />
    <Project Path="samples/aws/organizations/FlociLab.Aws.Organizations.Demo/FlociLab.Aws.Organizations.Demo.csproj" />
    <Project Path="samples/aws/ram/FlociLab.Aws.Ram.Demo/FlociLab.Aws.Ram.Demo.csproj" />
    <Project Path="samples/aws/acm/FlociLab.Aws.Acm.Demo/FlociLab.Aws.Acm.Demo.csproj" />
    <Project Path="samples/aws/lightsail/FlociLab.Aws.Lightsail.Demo/FlociLab.Aws.Lightsail.Demo.csproj" />
    <Project Path="samples/aws/stepfunctions/FlociLab.Aws.StepFunctions.Demo/FlociLab.Aws.StepFunctions.Demo.csproj" />
    <Project Path="samples/aws/swf/FlociLab.Aws.Swf.Demo/FlociLab.Aws.Swf.Demo.csproj" />
  </Folder>
  <Folder Name="/samples/azure/">
    <Project Path="samples/azure/blob/FlociLab.Azure.Blob.Demo/FlociLab.Azure.Blob.Demo.csproj" />
    <Project Path="samples/azure/cosmosdb/FlociLab.Azure.CosmosDb.Demo/FlociLab.Azure.CosmosDb.Demo.csproj" />
    <Project Path="samples/azure/queue/FlociLab.Azure.Queue.Demo/FlociLab.Azure.Queue.Demo.csproj" />
    <Project Path="samples/azure/servicebus/FlociLab.Azure.ServiceBus.Demo/FlociLab.Azure.ServiceBus.Demo.csproj" />
    <Project Path="samples/azure/keyvaultsecrets/FlociLab.Azure.KeyVaultSecrets.Demo/FlociLab.Azure.KeyVaultSecrets.Demo.csproj" />
    <Project Path="samples/azure/keyvaultkeys/FlociLab.Azure.KeyVaultKeys.Demo/FlociLab.Azure.KeyVaultKeys.Demo.csproj" />
  </Folder>
  <Folder Name="/samples/gcp/">
    <Project Path="samples/gcp/storage/FlociLab.Gcp.Storage.Demo/FlociLab.Gcp.Storage.Demo.csproj" />
    <Project Path="samples/gcp/pubsub/FlociLab.Gcp.PubSub.Demo/FlociLab.Gcp.PubSub.Demo.csproj" />
    <Project Path="samples/gcp/firestore/FlociLab.Gcp.Firestore.Demo/FlociLab.Gcp.Firestore.Demo.csproj" />
    <Project Path="samples/gcp/secretmanager/FlociLab.Gcp.SecretManager.Demo/FlociLab.Gcp.SecretManager.Demo.csproj" />
    <Project Path="samples/gcp/kms/FlociLab.Gcp.Kms.Demo/FlociLab.Gcp.Kms.Demo.csproj" />
  </Folder>
  <Folder Name="/samples/oci/">
    <Project Path="samples/oci/objectstorage/FlociLab.Oci.ObjectStorage.Demo/FlociLab.Oci.ObjectStorage.Demo.csproj" />
    <Project Path="samples/oci/queue/FlociLab.Oci.Queue.Demo/FlociLab.Oci.Queue.Demo.csproj" />
    <Project Path="samples/oci/vault/FlociLab.Oci.Vault.Demo/FlociLab.Oci.Vault.Demo.csproj" />
    <Project Path="samples/oci/secrets/FlociLab.Oci.Secrets.Demo/FlociLab.Oci.Secrets.Demo.csproj" />
  </Folder>
  <Folder Name="/src/">
    <Project Path="src/FlociLab.AppHost/FlociLab.AppHost.csproj" />
    <Project Path="src/FlociLab.Aws.Endpoints/FlociLab.Aws.Endpoints.csproj" />
    <Project Path="src/FlociLab.Azure.Endpoints/FlociLab.Azure.Endpoints.csproj" />
    <Project Path="src/FlociLab.Comparison/FlociLab.Comparison.csproj" />
    <Project Path="src/FlociLab.Core/FlociLab.Core.csproj" />
    <Project Path="src/FlociLab.Gcp.Endpoints/FlociLab.Gcp.Endpoints.csproj" />
    <Project Path="src/FlociLab.Oci.Endpoints/FlociLab.Oci.Endpoints.csproj" />
  </Folder>
  <Folder Name="/tests/">
    <Project Path="tests/FlociLab.IntegrationTests/FlociLab.IntegrationTests.csproj" />
  </Folder>
</Solution>
